
Microsoft Visual Studio Solution File, Format Version 12.00
# Visual Studio Version 17
VisualStudioVersion = 17.10.35027.167
MinimumVisualStudioVersion = 10.0.40219.1
Project("{2150E333-8FDC-42A3-9474-1A3956D46DE8}") = "Deparmtent", "Deparmtent", "{DB94A3D4-A312-4F77-B0E9-71B90976CB3F}"
EndProject
Project("{2150E333-8FDC-42A3-9474-1A3956D46DE8}") = "Notification", "Notification", "{6ADB419B-DA3B-4129-8A29-6EA7D99F04AD}"
EndProject
Project("{9A19103F-16F7-4668-BE54-9A1E7A4F7556}") = "Department.API", "Department.API\Department.API.csproj", "{BB426EBA-E59E-4C9D-A29A-8C95272FCD09}"
EndProject
Project("{9A19103F-16F7-4668-BE54-9A1E7A4F7556}") = "Department.Infrastructure", "Department.Infrastructure\Department.Infrastructure.csproj", "{14C802E0-D2BB-4D71-AEC2-A5FCF17BA263}"
EndProject
Project("{9A19103F-16F7-4668-BE54-9A1E7A4F7556}") = "Department.Application", "Department.Application\Department.Application.csproj", "{FA28442B-779F-4AC6-8DE7-D33A58FBD5F7}"
EndProject
Project("{9A19103F-16F7-4668-BE54-9A1E7A4F7556}") = "Department.Core", "Department.Core\Department.Core.csproj", "{123ADAF8-7BF7-4FCB-BC42-F5868CAF1293}"
EndProject
Project("{9A19103F-16F7-4668-BE54-9A1E7A4F7556}") = "Notification.API", "Notification.API\Notification.API.csproj", "{D1634CAC-63DB-4CF6-9A24-F3E16A50E3CF}"
EndProject
Project("{9A19103F-16F7-4668-BE54-9A1E7A4F7556}") = "Notification.Infrastructure", "Notification.Infrastructure\Notification.Infrastructure.csproj", "{51D61DBA-6D43-4496-8E09-686F18C1D6F8}"
EndProject
Project("{9A19103F-16F7-4668-BE54-9A1E7A4F7556}") = "Notification.Application", "Notification.Application\Notification.Application.csproj", "{3188A81E-EBB0-437D-92F9-ADD5817EE0C3}"
EndProject
Project("{9A19103F-16F7-4668-BE54-9A1E7A4F7556}") = "Notification.Core", "Notification.Core\Notification.Core.csproj", "{6B46E0B5-5796-4A4B-808C-574E4AC15082}"
EndProject
Project("{2150E333-8FDC-42A3-9474-1A3956D46DE8}") = "FrontEnd", "FrontEnd", "{7EFF2443-07A7-4611-ACDF-324A5CCDD7BD}"
EndProject
Project("{54A90642-561A-4BB1-A94E-469ADEE60C69}") = "Module.FrontEnd", "Module.FrontEnd\Module.FrontEnd.esproj", "{88926C01-9CB4-4822-9D70-D748BFB510EA}"
EndProject
Global
	GlobalSection(SolutionConfigurationPlatforms) = preSolution
		Debug|Any CPU = Debug|Any CPU
		Release|Any CPU = Release|Any CPU
	EndGlobalSection
	GlobalSection(ProjectConfigurationPlatforms) = postSolution
		{BB426EBA-E59E-4C9D-A29A-8C95272FCD09}.Debug|Any CPU.ActiveCfg = Debug|Any CPU
		{BB426EBA-E59E-4C9D-A29A-8C95272FCD09}.Debug|Any CPU.Build.0 = Debug|Any CPU
		{BB426EBA-E59E-4C9D-A29A-8C95272FCD09}.Release|Any CPU.ActiveCfg = Release|Any CPU
		{BB426EBA-E59E-4C9D-A29A-8C95272FCD09}.Release|Any CPU.Build.0 = Release|Any CPU
		{14C802E0-D2BB-4D71-AEC2-A5FCF17BA263}.Debug|Any CPU.ActiveCfg = Debug|Any CPU
		{14C802E0-D2BB-4D71-AEC2-A5FCF17BA263}.Debug|Any CPU.Build.0 = Debug|Any CPU
		{14C802E0-D2BB-4D71-AEC2-A5FCF17BA263}.Release|Any CPU.ActiveCfg = Release|Any CPU
		{14C802E0-D2BB-4D71-AEC2-A5FCF17BA263}.Release|Any CPU.Build.0 = Release|Any CPU
		{FA28442B-779F-4AC6-8DE7-D33A58FBD5F7}.Debug|Any CPU.ActiveCfg = Debug|Any CPU
		{FA28442B-779F-4AC6-8DE7-D33A58FBD5F7}.Debug|Any CPU.Build.0 = Debug|Any CPU
		{FA28442B-779F-4AC6-8DE7-D33A58FBD5F7}.Release|Any CPU.ActiveCfg = Release|Any CPU
		{FA28442B-779F-4AC6-8DE7-D33A58FBD5F7}.Release|Any CPU.Build.0 = Release|Any CPU
		{123ADAF8-7BF7-4FCB-BC42-F5868CAF1293}.Debug|Any CPU.ActiveCfg = Debug|Any CPU
		{123ADAF8-7BF7-4FCB-BC42-F5868CAF1293}.Debug|Any CPU.Build.0 = Debug|Any CPU
		{123ADAF8-7BF7-4FCB-BC42-F5868CAF1293}.Release|Any CPU.ActiveCfg = Release|Any CPU
		{123ADAF8-7BF7-4FCB-BC42-F5868CAF1293}.Release|Any CPU.Build.0 = Release|Any CPU
		{D1634CAC-63DB-4CF6-9A24-F3E16A50E3CF}.Debug|Any CPU.ActiveCfg = Debug|Any CPU
		{D1634CAC-63DB-4CF6-9A24-F3E16A50E3CF}.Debug|Any CPU.Build.0 = Debug|Any CPU
		{D1634CAC-63DB-4CF6-9A24-F3E16A50E3CF}.Release|Any CPU.ActiveCfg = Release|Any CPU
		{D1634CAC-63DB-4CF6-9A24-F3E16A50E3CF}.Release|Any CPU.Build.0 = Release|Any CPU
		{51D61DBA-6D43-4496-8E09-686F18C1D6F8}.Debug|Any CPU.ActiveCfg = Debug|Any CPU
		{51D61DBA-6D43-4496-8E09-686F18C1D6F8}.Debug|Any CPU.Build.0 = Debug|Any CPU
		{51D61DBA-6D43-4496-8E09-686F18C1D6F8}.Release|Any CPU.ActiveCfg = Release|Any CPU
		{51D61DBA-6D43-4496-8E09-686F18C1D6F8}.Release|Any CPU.Build.0 = Release|Any CPU
		{3188A81E-EBB0-437D-92F9-ADD5817EE0C3}.Debug|Any CPU.ActiveCfg = Debug|Any CPU
		{3188A81E-EBB0-437D-92F9-ADD5817EE0C3}.Debug|Any CPU.Build.0 = Debug|Any CPU
		{3188A81E-EBB0-437D-92F9-ADD5817EE0C3}.Release|Any CPU.ActiveCfg = Release|Any CPU
		{3188A81E-EBB0-437D-92F9-ADD5817EE0C3}.Release|Any CPU.Build.0 = Release|Any CPU
		{6B46E0B5-5796-4A4B-808C-574E4AC15082}.Debug|Any CPU.ActiveCfg = Debug|Any CPU
		{6B46E0B5-5796-4A4B-808C-574E4AC15082}.Debug|Any CPU.Build.0 = Debug|Any CPU
		{6B46E0B5-5796-4A4B-808C-574E4AC15082}.Release|Any CPU.ActiveCfg = Release|Any CPU
		{6B46E0B5-5796-4A4B-808C-574E4AC15082}.Release|Any CPU.Build.0 = Release|Any CPU
		{88926C01-9CB4-4822-9D70-D748BFB510EA}.Debug|Any CPU.ActiveCfg = Debug|Any CPU
		{88926C01-9CB4-4822-9D70-D748BFB510EA}.Debug|Any CPU.Build.0 = Debug|Any CPU
		{88926C01-9CB4-4822-9D70-D748BFB510EA}.Debug|Any CPU.Deploy.0 = Debug|Any CPU
		{88926C01-9CB4-4822-9D70-D748BFB510EA}.Release|Any CPU.ActiveCfg = Release|Any CPU
		{88926C01-9CB4-4822-9D70-D748BFB510EA}.Release|Any CPU.Build.0 = Release|Any CPU
		{88926C01-9CB4-4822-9D70-D748BFB510EA}.Release|Any CPU.Deploy.0 = Release|Any CPU
	EndGlobalSection
	GlobalSection(SolutionProperties) = preSolution
		HideSolutionNode = FALSE
	EndGlobalSection
	GlobalSection(NestedProjects) = preSolution
		{BB426EBA-E59E-4C9D-A29A-8C95272FCD09} = {DB94A3D4-A312-4F77-B0E9-71B90976CB3F}
		{14C802E0-D2BB-4D71-AEC2-A5FCF17BA263} = {DB94A3D4-A312-4F77-B0E9-71B90976CB3F}
		{FA28442B-779F-4AC6-8DE7-D33A58FBD5F7} = {DB94A3D4-A312-4F77-B0E9-71B90976CB3F}
		{123ADAF8-7BF7-4FCB-BC42-F5868CAF1293} = {DB94A3D4-A312-4F77-B0E9-71B90976CB3F}
		{D1634CAC-63DB-4CF6-9A24-F3E16A50E3CF} = {6ADB419B-DA3B-4129-8A29-6EA7D99F04AD}
		{51D61DBA-6D43-4496-8E09-686F18C1D6F8} = {6ADB419B-DA3B-4129-8A29-6EA7D99F04AD}
		{3188A81E-EBB0-437D-92F9-ADD5817EE0C3} = {6ADB419B-DA3B-4129-8A29-6EA7D99F04AD}
		{6B46E0B5-5796-4A4B-808C-574E4AC15082} = {6ADB419B-DA3B-4129-8A29-6EA7D99F04AD}
		{88926C01-9CB4-4822-9D70-D748BFB510EA} = {7EFF2443-07A7-4611-ACDF-324A5CCDD7BD}
	EndGlobalSection
	GlobalSection(ExtensibilityGlobals) = postSolution
		SolutionGuid = {2C859DC7-FF3A-46F9-97D9-B3A02FDEEDB2}
	EndGlobalSection
EndGlobal
